// !$*UTF8*$!
{
	archiveVersion = 1;
	classes = {
	};
	objectVersion = 50;
	objects = {

/* Begin PBXBuildFile section */
		141C220624A9180F008040A9 /* AppDelegate.swift in Sources */ = {isa = PBXBuildFile; fileRef = 141C220524A9180F008040A9 /* AppDelegate.swift */; };
		141C220824A9180F008040A9 /* SceneDelegate.swift in Sources */ = {isa = PBXBuildFile; fileRef = 141C220724A9180F008040A9 /* SceneDelegate.swift */; };
		141C220A24A9180F008040A9 /* ViewController.swift in Sources */ = {isa = PBXBuildFile; fileRef = 141C220924A9180F008040A9 /* ViewController.swift */; };
		141C220D24A9180F008040A9 /* Main.storyboard in Resources */ = {isa = PBXBuildFile; fileRef = 141C220B24A9180F008040A9 /* Main.storyboard */; };
		141C220F24A91810008040A9 /* Assets.xcassets in Resources */ = {isa = PBXBuildFile; fileRef = 141C220E24A91810008040A9 /* Assets.xcassets */; };
		141C221224A91810008040A9 /* LaunchScreen.storyboard in Resources */ = {isa = PBXBuildFile; fileRef = 141C221024A91810008040A9 /* LaunchScreen.storyboard */; };
		141C222424A91A18008040A9 /* nssl0049.jpg in Resources */ = {isa = PBXBuildFile; fileRef = 141C221A24A91A18008040A9 /* nssl0049.jpg */; };
		141C222524A91A18008040A9 /* nssl0046.jpg in Resources */ = {isa = PBXBuildFile; fileRef = 141C221B24A91A18008040A9 /* nssl0046.jpg */; };
		141C222624A91A18008040A9 /* nssl0091.jpg in Resources */ = {isa = PBXBuildFile; fileRef = 141C221C24A91A18008040A9 /* nssl0091.jpg */; };
		141C222724A91A18008040A9 /* nssl0045.jpg in Resources */ = {isa = PBXBuildFile; fileRef = 141C221D24A91A18008040A9 /* nssl0045.jpg */; };
		141C222824A91A18008040A9 /* nssl0051.jpg in Resources */ = {isa = PBXBuildFile; fileRef = 141C221E24A91A18008040A9 /* nssl0051.jpg */; };
		141C222924A91A18008040A9 /* nssl0041.jpg in Resources */ = {isa = PBXBuildFile; fileRef = 141C221F24A91A18008040A9 /* nssl0041.jpg */; };
		141C222A24A91A18008040A9 /* nssl0042.jpg in Resources */ = {isa = PBXBuildFile; fileRef = 141C222024A91A18008040A9 /* nssl0042.jpg */; };
		141C222B24A91A18008040A9 /* nssl0043.jpg in Resources */ = {isa = PBXBuildFile; fileRef = 141C222124A91A18008040A9 /* nssl0043.jpg */; };
		141C222C24A91A18008040A9 /* nssl0033.jpg in Resources */ = {isa = PBXBuildFile; fileRef = 141C222224A91A18008040A9 /* nssl0033.jpg */; };
		141C222D24A91A18008040A9 /* nssl0034.jpg in Resources */ = {isa = PBXBuildFile; fileRef = 141C222324A91A18008040A9 /* nssl0034.jpg */; };
		141C222F24A92094008040A9 /* DetailViewController.swift in Sources */ = {isa = PBXBuildFile; fileRef = 141C222E24A92094008040A9 /* DetailViewController.swift */; };
/* End PBXBuildFile section */

/* Begin PBXFileReference section */
		141C220224A9180F008040A9 /* Project1.app */ = {isa = PBXFileReference; explicitFileType = wrapper.application; includeInIndex = 0; path = Project1.app; sourceTree = BUILT_PRODUCTS_DIR; };
		141C220524A9180F008040A9 /* AppDelegate.swift */ = {isa = PBXFileReference; lastKnownFileType = sourcecode.swift; path = AppDelegate.swift; sourceTree = "<group>"; };
		141C220724A9180F008040A9 /* SceneDelegate.swift */ = {isa = PBXFileReference; lastKnownFileType = sourcecode.swift; path = SceneDelegate.swift; sourceTree = "<group>"; };
		141C220924A9180F008040A9 /* ViewController.swift */ = {isa = PBXFileReference; lastKnownFileType = sourcecode.swift; path = ViewController.swift; sourceTree = "<group>"; };
		141C220C24A9180F008040A9 /* Base */ = {isa = PBXFileReference; lastKnownFileType = file.storyboard; name = Base; path = Base.lproj/Main.storyboard; sourceTree = "<group>"; };
		141C220E24A91810008040A9 /* Assets.xcassets */ = {isa = PBXFileReference; lastKnownFileType = folder.assetcatalog; path = Assets.xcassets; sourceTree = "<group>"; };
		141C221124A91810008040A9 /* Base */ = {isa = PBXFileReference; lastKnownFileType = file.storyboard; name = Base; path = Base.lproj/LaunchScreen.storyboard; sourceTree = "<group>"; };
		141C221324A91810008040A9 /* Info.plist */ = {isa = PBXFileReference; lastKnownFileType = text.plist.xml; path = Info.plist; sourceTree = "<group>"; };
		141C221A24A91A18008040A9 /* nssl0049.jpg */ = {isa = PBXFileReference; lastKnownFileType = image.jpeg; path = nssl0049.jpg; sourceTree = "<group>"; };
		141C221B24A91A18008040A9 /* nssl0046.jpg */ = {isa = PBXFileReference; lastKnownFileType = image.jpeg; path = nssl0046.jpg; sourceTree = "<group>"; };
		141C221C24A91A18008040A9 /* nssl0091.jpg */ = {isa = PBXFileReference; lastKnownFileType = image.jpeg; path = nssl0091.jpg; sourceTree = "<group>"; };
		141C221D24A91A18008040A9 /* nssl0045.jpg */ = {isa = PBXFileReference; lastKnownFileType = image.jpeg; path = nssl0045.jpg; sourceTree = "<group>"; };
		141C221E24A91A18008040A9 /* nssl0051.jpg */ = {isa = PBXFileReference; lastKnownFileType = image.jpeg; path = nssl0051.jpg; sourceTree = "<group>"; };
		141C221F24A91A18008040A9 /* nssl0041.jpg */ = {isa = PBXFileReference; lastKnownFileType = image.jpeg; path = nssl0041.jpg; sourceTree = "<group>"; };
		141C222024A91A18008040A9 /* nssl0042.jpg */ = {isa = PBXFileReference; lastKnownFileType = image.jpeg; path = nssl0042.jpg; sourceTree = "<group>"; };
		141C222124A91A18008040A9 /* nssl0043.jpg */ = {isa = PBXFileReference; lastKnownFileType = image.jpeg; path = nssl0043.jpg; sourceTree = "<group>"; };
		141C222224A91A18008040A9 /* nssl0033.jpg */ = {isa = PBXFileReference; lastKnownFileType = image.jpeg; path = nssl0033.jpg; sourceTree = "<group>"; };
		141C222324A91A18008040A9 /* nssl0034.jpg */ = {isa = PBXFileReference; lastKnownFileType = image.jpeg; path = nssl0034.jpg; sourceTree = "<group>"; };
		141C222E24A92094008040A9 /* DetailViewController.swift */ = {isa = PBXFileReference; lastKnownFileType = sourcecode.swift; path = DetailViewController.swift; sourceTree = "<group>"; };
/* End PBXFileReference section */

/* Begin PBXFrameworksBuildPhase section */
		141C21FF24A9180F008040A9 /* Frameworks */ = {
			isa = PBXFrameworksBuildPhase;
			buildActionMask = 2147483647;
			files = (
			);
			runOnlyForDeploymentPostprocessing = 0;
		};
/* End PBXFrameworksBuildPhase section */

/* Begin PBXGroup section */
		141C21F924A9180F008040A9 = {
			isa = PBXGroup;
			children = (
				141C220424A9180F008040A9 /* Project1 */,
				141C220324A9180F008040A9 /* Products */,
			);
			sourceTree = "<group>";
		};
		141C220324A9180F008040A9 /* Products */ = {
			isa = PBXGroup;
			children = (
				141C220224A9180F008040A9 /* Project1.app */,
			);
			name = Products;
			sourceTree = "<group>";
		};
		141C220424A9180F008040A9 /* Project1 */ = {
			isa = PBXGroup;
			children = (
				141C220524A9180F008040A9 /* AppDelegate.swift */,
				141C220724A9180F008040A9 /* SceneDelegate.swift */,
				141C220924A9180F008040A9 /* ViewController.swift */,
				141C220B24A9180F008040A9 /* Main.storyboard */,
				141C222E24A92094008040A9 /* DetailViewController.swift */,
				141C220E24A91810008040A9 /* Assets.xcassets */,
				141C221024A91810008040A9 /* LaunchScreen.storyboard */,
				141C221324A91810008040A9 /* Info.plist */,
				141C221924A91A18008040A9 /* Content */,
			);
			path = Project1;
			sourceTree = "<group>";
		};
		141C221924A91A18008040A9 /* Content */ = {
			isa = PBXGroup;
			children = (
				141C221A24A91A18008040A9 /* nssl0049.jpg */,
				141C221B24A91A18008040A9 /* nssl0046.jpg */,
				141C221C24A91A18008040A9 /* nssl0091.jpg */,
				141C221D24A91A18008040A9 /* nssl0045.jpg */,
				141C221E24A91A18008040A9 /* nssl0051.jpg */,
				141C221F24A91A18008040A9 /* nssl0041.jpg */,
				141C222024A91A18008040A9 /* nssl0042.jpg */,
				141C222124A91A18008040A9 /* nssl0043.jpg */,
				141C222224A91A18008040A9 /* nssl0033.jpg */,
				141C222324A91A18008040A9 /* nssl0034.jpg */,
			);
			path = Content;
			sourceTree = "<group>";
		};
/* End PBXGroup section */

/* Begin PBXNativeTarget section */
		141C220124A9180F008040A9 /* Project1 */ = {
			isa = PBXNativeTarget;
			buildConfigurationList = 141C221624A91810008040A9 /* Build configuration list for PBXNativeTarget "Project1" */;
			buildPhases = (
				141C21FE24A9180F008040A9 /* Sources */,
				141C21FF24A9180F008040A9 /* Frameworks */,
				141C220024A9180F008040A9 /* Resources */,
			);
			buildRules = (
			);
			dependencies = (
			);
			name = Project1;
			productName = Project1;
			productReference = 141C220224A9180F008040A9 /* Project1.app */;
			productType = "com.apple.product-type.application";
		};
/* End PBXNativeTarget section */

/* Begin PBXProject section */
		141C21FA24A9180F008040A9 /* Project object */ = {
			isa = PBXProject;
			attributes = {
				LastSwiftUpdateCheck = 1150;
				LastUpgradeCheck = 1150;
				ORGANIZATIONNAME = "Розалия";
				TargetAttributes = {
					141C220124A9180F008040A9 = {
						CreatedOnToolsVersion = 11.5;
					};
				};
			};
			buildConfigurationList = 141C21FD24A9180F008040A9 /* Build configuration list for PBXProject "Project1" */;
			compatibilityVersion = "Xcode 9.3";
			developmentRegion = en;
			hasScannedForEncodings = 0;
			knownRegions = (
				en,
				Base,
			);
			mainGroup = 141C21F924A9180F008040A9;
			productRefGroup = 141C220324A9180F008040A9 /* Products */;
			projectDirPath = "";
			projectRoot = "";
			targets = (
				141C220124A9180F008040A9 /* Project1 */,
			);
		};
/* End PBXProject section */

/* Begin PBXResourcesBuildPhase section */
		141C220024A9180F008040A9 /* Resources */ = {
			isa = PBXResourcesBuildPhase;
			buildActionMask = 2147483647;
			files = (
				141C222524A91A18008040A9 /* nssl0046.jpg in Resources */,
				141C222C24A91A18008040A9 /* nssl0033.jpg in Resources */,
				141C222824A91A18008040A9 /* nssl0051.jpg in Resources */,
				141C222624A91A18008040A9 /* nssl0091.jpg in Resources */,
				141C222B24A91A18008040A9 /* nssl0043.jpg in Resources */,
				141C222D24A91A18008040A9 /* nssl0034.jpg in Resources */,
				141C222424A91A18008040A9 /* nssl0049.jpg in Resources */,
				141C222924A91A18008040A9 /* nssl0041.jpg in Resources */,
				141C222A24A91A18008040A9 /* nssl0042.jpg in Resources */,
				141C221224A91810008040A9 /* LaunchScreen.storyboard in Resources */,
				141C220F24A91810008040A9 /* Assets.xcassets in Resources */,
				141C222724A91A18008040A9 /* nssl0045.jpg in Resources */,
				141C220D24A9180F008040A9 /* Main.storyboard in Resources */,
			);
			runOnlyForDeploymentPostprocessing = 0;
		};
/* End PBXResourcesBuildPhase section */

/* Begin PBXSourcesBuildPhase section */
		141C21FE24A9180F008040A9 /* Sources */ = {
			isa = PBXSourcesBuildPhase;
			buildActionMask = 2147483647;
			files = (
				141C220A24A9180F008040A9 /* ViewController.swift in Sources */,
				141C220624A9180F008040A9 /* AppDelegate.swift in Sources */,
				141C220824A9180F008040A9 /* SceneDelegate.swift in Sources */,
				141C222F24A92094008040A9 /* DetailViewController.swift in Sources */,
			);
			runOnlyForDeploymentPostprocessing = 0;
		};
/* End PBXSourcesBuildPhase section */

/* Begin PBXVariantGroup section */
		141C220B24A9180F008040A9 /* Main.storyboard */ = {
			isa = PBXVariantGroup;
			children = (
				141C220C24A9180F008040A9 /* Base */,
			);
			name = Main.storyboard;
			sourceTree = "<group>";
		};
		141C221024A91810008040A9 /* LaunchScreen.storyboard */ = {
			isa = PBXVariantGroup;
			children = (
				141C221124A91810008040A9 /* Base */,
			);
			name = LaunchScreen.storyboard;
			sourceTree = "<group>";
		};
/* End PBXVariantGroup section */

/* Begin XCBuildConfiguration section */
		141C221424A91810008040A9 /* Debug */ = {
			isa = XCBuildConfiguration;
			buildSettings = {
				ALWAYS_SEARCH_USER_PATHS = NO;
				CLANG_ANALYZER_NONNULL = YES;
				CLANG_ANALYZER_NUMBER_OBJECT_CONVERSION = YES_AGGRESSIVE;
				CLANG_CXX_LANGUAGE_STANDARD = "gnu++14";
				CLANG_CXX_LIBRARY = "libc++";
				CLANG_ENABLE_MODULES = YES;
				CLANG_ENABLE_OBJC_ARC = YES;
				CLANG_ENABLE_OBJC_WEAK = YES;
				CLANG_WARN_BLOCK_CAPTURE_AUTORELEASING = YES;
				CLANG_WARN_BOOL_CONVERSION = YES;
				CLANG_WARN_COMMA = YES;
				CLANG_WARN_CONSTANT_CONVERSION = YES;
				CLANG_WARN_DEPRECATED_OBJC_IMPLEMENTATIONS = YES;
				CLANG_WARN_DIRECT_OBJC_ISA_USAGE = YES_ERROR;
				CLANG_WARN_DOCUMENTATION_COMMENTS = YES;
				CLANG_WARN_EMPTY_BODY = YES;
				CLANG_WARN_ENUM_CONVERSION = YES;
				CLANG_WARN_INFINITE_RECURSION = YES;
				CLANG_WARN_INT_CONVERSION = YES;
				CLANG_WARN_NON_LITERAL_NULL_CONVERSION = YES;
				CLANG_WARN_OBJC_IMPLICIT_RETAIN_SELF = YES;
				CLANG_WARN_OBJC_LITERAL_CONVERSION = YES;
				CLANG_WARN_OBJC_ROOT_CLASS = YES_ERROR;
				CLANG_WARN_RANGE_LOOP_ANALYSIS = YES;
				CLANG_WARN_STRICT_PROTOTYPES = YES;
				CLANG_WARN_SUSPICIOUS_MOVE = YES;
				CLANG_WARN_UNGUARDED_AVAILABILITY = YES_AGGRESSIVE;
				CLANG_WARN_UNREACHABLE_CODE = YES;
				CLANG_WARN__DUPLICATE_METHOD_MATCH = YES;
				COPY_PHASE_STRIP = NO;
				DEBUG_INFORMATION_FORMAT = dwarf;
				ENABLE_STRICT_OBJC_MSGSEND = YES;
				ENABLE_TESTABILITY = YES;
				GCC_C_LANGUAGE_STANDARD = gnu11;
				GCC_DYNAMIC_NO_PIC = NO;
				GCC_NO_COMMON_BLOCKS = YES;
				GCC_OPTIMIZATION_LEVEL = 0;
				GCC_PREPROCESSOR_DEFINITIONS = (
					"DEBUG=1",
					"$(inherited)",
				);
				GCC_WARN_64_TO_32_BIT_CONVERSION = YES;
				GCC_WARN_ABOUT_RETURN_TYPE = YES_ERROR;
				GCC_WARN_UNDECLARED_SELECTOR = YES;
				GCC_WARN_UNINITIALIZED_AUTOS = YES_AGGRESSIVE;
				GCC_WARN_UNUSED_FUNCTION = YES;
				GCC_WARN_UNUSED_VARIABLE = YES;
				IPHONEOS_DEPLOYMENT_TARGET = 13.5;
				MTL_ENABLE_DEBUG_INFO = INCLUDE_SOURCE;
				MTL_FAST_MATH = YES;
				ONLY_ACTIVE_ARCH = YES;
				SDKROOT = iphoneos;
				SWIFT_ACTIVE_COMPILATION_CONDITIONS = DEBUG;
				SWIFT_OPTIMIZATION_LEVEL = "-Onone";
			};
			name = Debug;
		};
		141C221524A91810008040A9 /* Release */ = {
			isa = XCBuildConfiguration;
			buildSettings = {
				ALWAYS_SEARCH_USER_PATHS = NO;
				CLANG_ANALYZER_NONNULL = YES;
				CLANG_ANALYZER_NUMBER_OBJECT_CONVERSION = YES_AGGRESSIVE;
				CLANG_CXX_LANGUAGE_STANDARD = "gnu++14";
				CLANG_CXX_LIBRARY = "libc++";
				CLANG_ENABLE_MODULES = YES;
				CLANG_ENABLE_OBJC_ARC = YES;
				CLANG_ENABLE_OBJC_WEAK = YES;
				CLANG_WARN_BLOCK_CAPTURE_AUTORELEASING = YES;
				CLANG_WARN_BOOL_CONVERSION = YES;
				CLANG_WARN_COMMA = YES;
				CLANG_WARN_CONSTANT_CONVERSION = YES;
				CLANG_WARN_DEPRECATED_OBJC_IMPLEMENTATIONS = YES;
				CLANG_WARN_DIRECT_OBJC_ISA_USAGE = YES_ERROR;
				CLANG_WARN_DOCUMENTATION_COMMENTS = YES;
				CLANG_WARN_EMPTY_BODY = YES;
				CLANG_WARN_ENUM_CONVERSION = YES;
				CLANG_WARN_INFINITE_RECURSION = YES;
				CLANG_WARN_INT_CONVERSION = YES;
				CLANG_WARN_NON_LITERAL_NULL_CONVERSION = YES;
				CLANG_WARN_OBJC_IMPLICIT_RETAIN_SELF = YES;
				CLANG_WARN_OBJC_LITERAL_CONVERSION = YES;
				CLANG_WARN_OBJC_ROOT_CLASS = YES_ERROR;
				CLANG_WARN_RANGE_LOOP_ANALYSIS = YES;
				CLANG_WARN_STRICT_PROTOTYPES = YES;
				CLANG_WARN_SUSPICIOUS_MOVE = YES;
				CLANG_WARN_UNGUARDED_AVAILABILITY = YES_AGGRESSIVE;
				CLANG_WARN_UNREACHABLE_CODE = YES;
				CLANG_WARN__DUPLICATE_METHOD_MATCH = YES;
				COPY_PHASE_STRIP = NO;
				DEBUG_INFORMATION_FORMAT = "dwarf-with-dsym";
				ENABLE_NS_ASSERTIONS = NO;
				ENABLE_STRICT_OBJC_MSGSEND = YES;
				GCC_C_LANGUAGE_STANDARD = gnu11;
				GCC_NO_COMMON_BLOCKS = YES;
				GCC_WARN_64_TO_32_BIT_CONVERSION = YES;
				GCC_WARN_ABOUT_RETURN_TYPE = YES_ERROR;
				GCC_WARN_UNDECLARED_SELECTOR = YES;
				GCC_WARN_UNINITIALIZED_AUTOS = YES_AGGRESSIVE;
				GCC_WARN_UNUSED_FUNCTION = YES;
				GCC_WARN_UNUSED_VARIABLE = YES;
				IPHONEOS_DEPLOYMENT_TARGET = 13.5;
				MTL_ENABLE_DEBUG_INFO = NO;
				MTL_FAST_MATH = YES;
				SDKROOT = iphoneos;
				SWIFT_COMPILATION_MODE = wholemodule;
				SWIFT_OPTIMIZATION_LEVEL = "-O";
				VALIDATE_PRODUCT = YES;
			};
			name = Release;
		};
		141C221724A91810008040A9 /* Debug */ = {
			isa = XCBuildConfiguration;
			buildSettings = {
				ASSETCATALOG_COMPILER_APPICON_NAME = AppIcon;
				CODE_SIGN_STYLE = Automatic;
				DEVELOPMENT_TEAM = 5VV2U67X7Z;
				INFOPLIST_FILE = Project1/Info.plist;
				LD_RUNPATH_SEARCH_PATHS = (
					"$(inherited)",
					"@executable_path/Frameworks",
				);
				PRODUCT_BUNDLE_IDENTIFIER = lupercalia.Project1;
				PRODUCT_NAME = Project1;
				SWIFT_VERSION = 5.0;
				TARGETED_DEVICE_FAMILY = "1,2";
			};
			name = Debug;
		};
		141C221824A91810008040A9 /* Release */ = {
			isa = XCBuildConfiguration;
			buildSettings = {
				ASSETCATALOG_COMPILER_APPICON_NAME = AppIcon;
				CODE_SIGN_STYLE = Automatic;
				DEVELOPMENT_TEAM = 5VV2U67X7Z;
				INFOPLIST_FILE = Project1/Info.plist;
				LD_RUNPATH_SEARCH_PATHS = (
					"$(inherited)",
					"@executable_path/Frameworks",
				);
				PRODUCT_BUNDLE_IDENTIFIER = lupercalia.Project1;
				PRODUCT_NAME = Project1;
				SWIFT_VERSION = 5.0;
				TARGETED_DEVICE_FAMILY = "1,2";
			};
			name = Release;
		};
/* End XCBuildConfiguration section */

/* Begin XCConfigurationList section */
		141C21FD24A9180F008040A9 /* Build configuration list for PBXProject "Project1" */ = {
			isa = XCConfigurationList;
			buildConfigurations = (
				141C221424A91810008040A9 /* Debug */,
				141C221524A91810008040A9 /* Release */,
			);
			defaultConfigurationIsVisible = 0;
			defaultConfigurationName = Release;
		};
		141C221624A91810008040A9 /* Build configuration list for PBXNativeTarget "Project1" */ = {
			isa = XCConfigurationList;
			buildConfigurations = (
				141C221724A91810008040A9 /* Debug */,
				141C221824A91810008040A9 /* Release */,
			);
			defaultConfigurationIsVisible = 0;
			defaultConfigurationName = Release;
		};
/* End XCConfigurationList section */
	};
	rootObject = 141C21FA24A9180F008040A9 /* Project object */;
}
